
Microsoft Visual Studio Solution File, Format Version 12.00
# Visual Studio Version 17
VisualStudioVersion = 17.5.002.0
MinimumVisualStudioVersion = 10.0.40219.1
Project("{9A19103F-16F7-4668-BE54-9A1E7A4F7556}") = "day1", "day1\day1.csproj", "{4A9B9C52-D0C8-408A-BEED-18EAC950061F}"
EndProject
Project("{9A19103F-16F7-4668-BE54-9A1E7A4F7556}") = "day2", "day2\day2.csproj", "{756B0171-3D4D-4D46-B6FB-59171CC2AD34}"
EndProject
Project("{9A19103F-16F7-4668-BE54-9A1E7A4F7556}") = "day5", "day5\day5.csproj", "{7C819EC4-5A34-4114-83C5-144D8B7A6FF6}"
EndProject
Project("{9A19103F-16F7-4668-BE54-9A1E7A4F7556}") = "day6", "day6\day6.csproj", "{EC71B584-AF6D-467B-8955-BFA0D0705B75}"
EndProject
Project("{FAE04EC0-301F-11D3-BF4B-00C04F79EFBC}") = "day7", "day7\day7.csproj", "{0ADAE972-14F9-4A42-9892-84921E21F996}"
EndProject
Project("{FAE04EC0-301F-11D3-BF4B-00C04F79EFBC}") = "day3", "day3\day3.csproj", "{1B9F8F56-4DE5-4661-AAD3-939CD66BD8AF}"
EndProject
Project("{FAE04EC0-301F-11D3-BF4B-00C04F79EFBC}") = "day8", "day8\day8.csproj", "{BC4D953A-1B5A-4A48-9A83-FCF81F21475D}"
EndProject
Project("{FAE04EC0-301F-11D3-BF4B-00C04F79EFBC}") = "day4", "day4\day4.csproj", "{32A43D9E-EE2E-48A2-A4FE-6165B80E2275}"
EndProject
Project("{FAE04EC0-301F-11D3-BF4B-00C04F79EFBC}") = "day9", "day9\day9.csproj", "{2EAA1C16-80C5-46CF-9C7B-4CB97BFBC664}"
EndProject
Global
	GlobalSection(SolutionConfigurationPlatforms) = preSolution
		Debug|Any CPU = Debug|Any CPU
		Release|Any CPU = Release|Any CPU
	EndGlobalSection
	GlobalSection(ProjectConfigurationPlatforms) = postSolution
		{4A9B9C52-D0C8-408A-BEED-18EAC950061F}.Debug|Any CPU.ActiveCfg = Debug|Any CPU
		{4A9B9C52-D0C8-408A-BEED-18EAC950061F}.Debug|Any CPU.Build.0 = Debug|Any CPU
		{4A9B9C52-D0C8-408A-BEED-18EAC950061F}.Release|Any CPU.ActiveCfg = Release|Any CPU
		{4A9B9C52-D0C8-408A-BEED-18EAC950061F}.Release|Any CPU.Build.0 = Release|Any CPU
		{756B0171-3D4D-4D46-B6FB-59171CC2AD34}.Debug|Any CPU.ActiveCfg = Debug|Any CPU
		{756B0171-3D4D-4D46-B6FB-59171CC2AD34}.Debug|Any CPU.Build.0 = Debug|Any CPU
		{756B0171-3D4D-4D46-B6FB-59171CC2AD34}.Release|Any CPU.ActiveCfg = Release|Any CPU
		{756B0171-3D4D-4D46-B6FB-59171CC2AD34}.Release|Any CPU.Build.0 = Release|Any CPU
		{7C819EC4-5A34-4114-83C5-144D8B7A6FF6}.Debug|Any CPU.ActiveCfg = Debug|Any CPU
		{7C819EC4-5A34-4114-83C5-144D8B7A6FF6}.Debug|Any CPU.Build.0 = Debug|Any CPU
		{7C819EC4-5A34-4114-83C5-144D8B7A6FF6}.Release|Any CPU.ActiveCfg = Release|Any CPU
		{7C819EC4-5A34-4114-83C5-144D8B7A6FF6}.Release|Any CPU.Build.0 = Release|Any CPU
		{EC71B584-AF6D-467B-8955-BFA0D0705B75}.Debug|Any CPU.ActiveCfg = Debug|Any CPU
		{EC71B584-AF6D-467B-8955-BFA0D0705B75}.Debug|Any CPU.Build.0 = Debug|Any CPU
		{EC71B584-AF6D-467B-8955-BFA0D0705B75}.Release|Any CPU.ActiveCfg = Release|Any CPU
		{EC71B584-AF6D-467B-8955-BFA0D0705B75}.Release|Any CPU.Build.0 = Release|Any CPU
		{0ADAE972-14F9-4A42-9892-84921E21F996}.Debug|Any CPU.ActiveCfg = Debug|Any CPU
		{0ADAE972-14F9-4A42-9892-84921E21F996}.Debug|Any CPU.Build.0 = Debug|Any CPU
		{0ADAE972-14F9-4A42-9892-84921E21F996}.Release|Any CPU.ActiveCfg = Release|Any CPU
		{0ADAE972-14F9-4A42-9892-84921E21F996}.Release|Any CPU.Build.0 = Release|Any CPU
		{1B9F8F56-4DE5-4661-AAD3-939CD66BD8AF}.Debug|Any CPU.ActiveCfg = Debug|Any CPU
		{1B9F8F56-4DE5-4661-AAD3-939CD66BD8AF}.Debug|Any CPU.Build.0 = Debug|Any CPU
		{1B9F8F56-4DE5-4661-AAD3-939CD66BD8AF}.Release|Any CPU.ActiveCfg = Release|Any CPU
		{1B9F8F56-4DE5-4661-AAD3-939CD66BD8AF}.Release|Any CPU.Build.0 = Release|Any CPU
		{BC4D953A-1B5A-4A48-9A83-FCF81F21475D}.Debug|Any CPU.ActiveCfg = Debug|Any CPU
		{BC4D953A-1B5A-4A48-9A83-FCF81F21475D}.Debug|Any CPU.Build.0 = Debug|Any CPU
		{BC4D953A-1B5A-4A48-9A83-FCF81F21475D}.Release|Any CPU.ActiveCfg = Release|Any CPU
		{BC4D953A-1B5A-4A48-9A83-FCF81F21475D}.Release|Any CPU.Build.0 = Release|Any CPU
		{32A43D9E-EE2E-48A2-A4FE-6165B80E2275}.Debug|Any CPU.ActiveCfg = Debug|Any CPU
		{32A43D9E-EE2E-48A2-A4FE-6165B80E2275}.Debug|Any CPU.Build.0 = Debug|Any CPU
		{32A43D9E-EE2E-48A2-A4FE-6165B80E2275}.Release|Any CPU.ActiveCfg = Release|Any CPU
		{32A43D9E-EE2E-48A2-A4FE-6165B80E2275}.Release|Any CPU.Build.0 = Release|Any CPU
		{2EAA1C16-80C5-46CF-9C7B-4CB97BFBC664}.Debug|Any CPU.ActiveCfg = Debug|Any CPU
		{2EAA1C16-80C5-46CF-9C7B-4CB97BFBC664}.Debug|Any CPU.Build.0 = Debug|Any CPU
		{2EAA1C16-80C5-46CF-9C7B-4CB97BFBC664}.Release|Any CPU.ActiveCfg = Release|Any CPU
		{2EAA1C16-80C5-46CF-9C7B-4CB97BFBC664}.Release|Any CPU.Build.0 = Release|Any CPU
	EndGlobalSection
	GlobalSection(SolutionProperties) = preSolution
		HideSolutionNode = FALSE
	EndGlobalSection
	GlobalSection(ExtensibilityGlobals) = postSolution
		SolutionGuid = {2BA24F04-85C6-4069-8E94-7D1548B0CBCB}
	EndGlobalSection
EndGlobal
